
Microsoft Visual Studio Solution File, Format Version 12.00
# Visual Studio Version 17
VisualStudioVersion = 17.0.31919.166
MinimumVisualStudioVersion = 10.0.40219.1
Project("{2150E333-8FDC-42A3-9474-1A3956D46DE8}") = "src", "src", "{9978FB63-026E-44E1-AAE8-CB9F714631FB}"
EndProject
Project("{9A19103F-16F7-4668-BE54-9A1E7A4F7556}") = "Cahoots.Core", "src\Core\Cahoots.Core.csproj", "{4DC2FD1F-3984-42F3-8231-A0A8E3D7F36C}"
EndProject
Project("{FAE04EC0-301F-11D3-BF4B-00C04F79EFBC}") = "Cahoots.Web", "src\Cahoots.Web\Cahoots.Web.csproj", "{F3366E1B-B8B7-4175-A2AD-08FE786F33A0}"
EndProject
Global
	GlobalSection(SolutionConfigurationPlatforms) = preSolution
		Debug|Any CPU = Debug|Any CPU
		Debug|x64 = Debug|x64
		Debug|x86 = Debug|x86
		Release|Any CPU = Release|Any CPU
		Release|x64 = Release|x64
		Release|x86 = Release|x86
	EndGlobalSection
	GlobalSection(ProjectConfigurationPlatforms) = postSolution
		{4DC2FD1F-3984-42F3-8231-A0A8E3D7F36C}.Debug|Any CPU.ActiveCfg = Debug|Any CPU
		{4DC2FD1F-3984-42F3-8231-A0A8E3D7F36C}.Debug|Any CPU.Build.0 = Debug|Any CPU
		{4DC2FD1F-3984-42F3-8231-A0A8E3D7F36C}.Debug|x64.ActiveCfg = Debug|Any CPU
		{4DC2FD1F-3984-42F3-8231-A0A8E3D7F36C}.Debug|x64.Build.0 = Debug|Any CPU
		{4DC2FD1F-3984-42F3-8231-A0A8E3D7F36C}.Debug|x86.ActiveCfg = Debug|Any CPU
		{4DC2FD1F-3984-42F3-8231-A0A8E3D7F36C}.Debug|x86.Build.0 = Debug|Any CPU
		{4DC2FD1F-3984-42F3-8231-A0A8E3D7F36C}.Release|Any CPU.ActiveCfg = Release|Any CPU
		{4DC2FD1F-3984-42F3-8231-A0A8E3D7F36C}.Release|Any CPU.Build.0 = Release|Any CPU
		{4DC2FD1F-3984-42F3-8231-A0A8E3D7F36C}.Release|x64.ActiveCfg = Release|Any CPU
		{4DC2FD1F-3984-42F3-8231-A0A8E3D7F36C}.Release|x64.Build.0 = Release|Any CPU
		{4DC2FD1F-3984-42F3-8231-A0A8E3D7F36C}.Release|x86.ActiveCfg = Release|Any CPU
		{4DC2FD1F-3984-42F3-8231-A0A8E3D7F36C}.Release|x86.Build.0 = Release|Any CPU
		{F3366E1B-B8B7-4175-A2AD-08FE786F33A0}.Debug|Any CPU.ActiveCfg = Debug|Any CPU
		{F3366E1B-B8B7-4175-A2AD-08FE786F33A0}.Debug|Any CPU.Build.0 = Debug|Any CPU
		{F3366E1B-B8B7-4175-A2AD-08FE786F33A0}.Debug|x64.ActiveCfg = Debug|Any CPU
		{F3366E1B-B8B7-4175-A2AD-08FE786F33A0}.Debug|x64.Build.0 = Debug|Any CPU
		{F3366E1B-B8B7-4175-A2AD-08FE786F33A0}.Debug|x86.ActiveCfg = Debug|Any CPU
		{F3366E1B-B8B7-4175-A2AD-08FE786F33A0}.Debug|x86.Build.0 = Debug|Any CPU
		{F3366E1B-B8B7-4175-A2AD-08FE786F33A0}.Release|Any CPU.ActiveCfg = Release|Any CPU
		{F3366E1B-B8B7-4175-A2AD-08FE786F33A0}.Release|Any CPU.Build.0 = Release|Any CPU
		{F3366E1B-B8B7-4175-A2AD-08FE786F33A0}.Release|x64.ActiveCfg = Release|Any CPU
		{F3366E1B-B8B7-4175-A2AD-08FE786F33A0}.Release|x64.Build.0 = Release|Any CPU
		{F3366E1B-B8B7-4175-A2AD-08FE786F33A0}.Release|x86.ActiveCfg = Release|Any CPU
		{F3366E1B-B8B7-4175-A2AD-08FE786F33A0}.Release|x86.Build.0 = Release|Any CPU
	EndGlobalSection
	GlobalSection(SolutionProperties) = preSolution
		HideSolutionNode = FALSE
	EndGlobalSection
	GlobalSection(NestedProjects) = preSolution
		{4DC2FD1F-3984-42F3-8231-A0A8E3D7F36C} = {9978FB63-026E-44E1-AAE8-CB9F714631FB}
		{F3366E1B-B8B7-4175-A2AD-08FE786F33A0} = {9978FB63-026E-44E1-AAE8-CB9F714631FB}
	EndGlobalSection
	GlobalSection(ExtensibilityGlobals) = postSolution
		SolutionGuid = {7B50BB99-EE9A-4A1A-8B84-314A02C1FAD7}
	EndGlobalSection
EndGlobal
